
Microsoft Visual Studio Solution File, Format Version 12.00
# Visual Studio Version 17
VisualStudioVersion = 17.8.34004.107
MinimumVisualStudioVersion = 10.0.40219.1
Project("{FAE04EC0-301F-11D3-BF4B-00C04F79EFBC}") = "Calculator", "Calculator\Calculator.csproj", "{3E12DBE6-C2C9-4193-8DD8-3A6EB7FDD444}"
EndProject
Global
	GlobalSection(SolutionConfigurationPlatforms) = preSolution
		Debug|Any CPU = Debug|Any CPU
		Release|Any CPU = Release|Any CPU
	EndGlobalSection
	GlobalSection(ProjectConfigurationPlatforms) = postSolution
		{3E12DBE6-C2C9-4193-8DD8-3A6EB7FDD444}.Debug|Any CPU.ActiveCfg = Debug|Any CPU
		{3E12DBE6-C2C9-4193-8DD8-3A6EB7FDD444}.Debug|Any CPU.Build.0 = Debug|Any CPU
		{3E12DBE6-C2C9-4193-8DD8-3A6EB7FDD444}.Release|Any CPU.ActiveCfg = Release|Any CPU
		{3E12DBE6-C2C9-4193-8DD8-3A6EB7FDD444}.Release|Any CPU.Build.0 = Release|Any CPU
	EndGlobalSection
	GlobalSection(SolutionProperties) = preSolution
		HideSolutionNode = FALSE
	EndGlobalSection
	GlobalSection(ExtensibilityGlobals) = postSolution
		SolutionGuid = {CD1C8F98-E2C5-40E0-800C-7C5E6B84F8F6}
	EndGlobalSection
EndGlobal
